
Microsoft Visual Studio Solution File, Format Version 12.00
# Visual Studio Version 16
VisualStudioVersion = 16.0.30717.126
MinimumVisualStudioVersion = 10.0.40219.1
Project("{8BC9CEB8-8B4A-11D0-8D11-00A0C91BC942}") = "Stack_App", "Stack_App\Stack_App.vcxproj", "{04052515-3265-4A7F-BD83-BA68343B95F9}"
EndProject
Global
	GlobalSection(SolutionConfigurationPlatforms) = preSolution
		Debug|x64 = Debug|x64
		Debug|x86 = Debug|x86
		Release|x64 = Release|x64
		Release|x86 = Release|x86
	EndGlobalSection
	GlobalSection(ProjectConfigurationPlatforms) = postSolution
		{04052515-3265-4A7F-BD83-BA68343B95F9}.Debug|x64.ActiveCfg = Debug|x64
		{04052515-3265-4A7F-BD83-BA68343B95F9}.Debug|x64.Build.0 = Debug|x64
		{04052515-3265-4A7F-BD83-BA68343B95F9}.Debug|x86.ActiveCfg = Debug|Win32
		{04052515-3265-4A7F-BD83-BA68343B95F9}.Debug|x86.Build.0 = Debug|Win32
		{04052515-3265-4A7F-BD83-BA68343B95F9}.Release|x64.ActiveCfg = Release|x64
		{04052515-3265-4A7F-BD83-BA68343B95F9}.Release|x64.Build.0 = Release|x64
		{04052515-3265-4A7F-BD83-BA68343B95F9}.Release|x86.ActiveCfg = Release|Win32
		{04052515-3265-4A7F-BD83-BA68343B95F9}.Release|x86.Build.0 = Release|Win32
	EndGlobalSection
	GlobalSection(SolutionProperties) = preSolution
		HideSolutionNode = FALSE
	EndGlobalSection
	GlobalSection(ExtensibilityGlobals) = postSolution
		SolutionGuid = {A3CEA0F3-9B87-4A45-B2D6-C027C4A4A5D6}
	EndGlobalSection
EndGlobal
